
Microsoft Visual Studio Solution File, Format Version 12.00
# Visual Studio Version 17
VisualStudioVersion = 17.4.33213.308
MinimumVisualStudioVersion = 10.0.40219.1
Project("{9A19103F-16F7-4668-BE54-9A1E7A4F7556}") = "TodoApi", "TodoApi.csproj", "{75FC0DC9-1A14-4F06-9A44-5ABB40B76A3C}"
EndProject
Global
	GlobalSection(SolutionConfigurationPlatforms) = preSolution
		Debug|Any CPU = Debug|Any CPU
		Debug|x64 = Debug|x64
		Debug|x86 = Debug|x86
		Release|Any CPU = Release|Any CPU
		Release|x64 = Release|x64
		Release|x86 = Release|x86
	EndGlobalSection
	GlobalSection(ProjectConfigurationPlatforms) = postSolution
		{75FC0DC9-1A14-4F06-9A44-5ABB40B76A3C}.Debug|Any CPU.ActiveCfg = Release|x86
		{75FC0DC9-1A14-4F06-9A44-5ABB40B76A3C}.Debug|Any CPU.Build.0 = Release|x86
		{75FC0DC9-1A14-4F06-9A44-5ABB40B76A3C}.Debug|x64.ActiveCfg = Debug|x64
		{75FC0DC9-1A14-4F06-9A44-5ABB40B76A3C}.Debug|x64.Build.0 = Debug|x64
		{75FC0DC9-1A14-4F06-9A44-5ABB40B76A3C}.Debug|x86.ActiveCfg = Debug|x86
		{75FC0DC9-1A14-4F06-9A44-5ABB40B76A3C}.Debug|x86.Build.0 = Debug|x86
		{75FC0DC9-1A14-4F06-9A44-5ABB40B76A3C}.Release|Any CPU.ActiveCfg = Release|Any CPU
		{75FC0DC9-1A14-4F06-9A44-5ABB40B76A3C}.Release|Any CPU.Build.0 = Release|Any CPU
		{75FC0DC9-1A14-4F06-9A44-5ABB40B76A3C}.Release|x64.ActiveCfg = Release|x64
		{75FC0DC9-1A14-4F06-9A44-5ABB40B76A3C}.Release|x64.Build.0 = Release|x64
		{75FC0DC9-1A14-4F06-9A44-5ABB40B76A3C}.Release|x86.ActiveCfg = Release|x86
		{75FC0DC9-1A14-4F06-9A44-5ABB40B76A3C}.Release|x86.Build.0 = Release|x86
	EndGlobalSection
	GlobalSection(SolutionProperties) = preSolution
		HideSolutionNode = FALSE
	EndGlobalSection
	GlobalSection(ExtensibilityGlobals) = postSolution
		SolutionGuid = {EBAECC58-0129-4421-B5F1-209A5938784C}
	EndGlobalSection
EndGlobal
